{
  "object": {
    "pins": [
      {
        "package": "RxSwift",
        "repositoryURL": "https://github.com/ReactiveX/RxSwift",
        "state": {
          "branch": "main",
          "revision": "7741a11cb4252c379c8e034508cb1b92b8b40427",
          "version": null
        }
      }
    ]
  },
  "version": 1
}
